
Microsoft Visual Studio Solution File, Format Version 12.00
# Visual Studio Version 17
VisualStudioVersion = 17.12.35707.178
MinimumVisualStudioVersion = 10.0.40219.1
Project("{FAE04EC0-301F-11D3-BF4B-00C04F79EFBC}") = "Day 01", "Day 01\Day 01.csproj", "{8579E7E2-1FAB-46A3-B32E-8143D3A7CFB0}"
EndProject
Project("{FAE04EC0-301F-11D3-BF4B-00C04F79EFBC}") = "Day 02", "Day 02\Day 02.csproj", "{202B6C8B-35C8-4563-8963-295AE24BD82D}"
EndProject
Project("{FAE04EC0-301F-11D3-BF4B-00C04F79EFBC}") = "Day 03", "Day 03\Day 03.csproj", "{FCF1E5B5-2EAE-4C88-A9A5-3F11F53642D4}"
EndProject
Project("{FAE04EC0-301F-11D3-BF4B-00C04F79EFBC}") = "Day 04", "Day 04\Day 04.csproj", "{9900A772-C4FC-4599-9E8F-7CF11E1DE0A2}"
EndProject
Project("{FAE04EC0-301F-11D3-BF4B-00C04F79EFBC}") = "Day 05", "Day 05\Day 05.csproj", "{1699FD66-D025-40F7-8F54-9C83632CD25E}"
EndProject
Project("{FAE04EC0-301F-11D3-BF4B-00C04F79EFBC}") = "Day 06", "Day 06\Day 06.csproj", "{0AE25360-D216-4375-931B-2B82B9273654}"
EndProject
Global
	GlobalSection(SolutionConfigurationPlatforms) = preSolution
		Debug|Any CPU = Debug|Any CPU
		Release|Any CPU = Release|Any CPU
	EndGlobalSection
	GlobalSection(ProjectConfigurationPlatforms) = postSolution
		{8579E7E2-1FAB-46A3-B32E-8143D3A7CFB0}.Debug|Any CPU.ActiveCfg = Debug|Any CPU
		{8579E7E2-1FAB-46A3-B32E-8143D3A7CFB0}.Debug|Any CPU.Build.0 = Debug|Any CPU
		{8579E7E2-1FAB-46A3-B32E-8143D3A7CFB0}.Release|Any CPU.ActiveCfg = Release|Any CPU
		{8579E7E2-1FAB-46A3-B32E-8143D3A7CFB0}.Release|Any CPU.Build.0 = Release|Any CPU
		{202B6C8B-35C8-4563-8963-295AE24BD82D}.Debug|Any CPU.ActiveCfg = Debug|Any CPU
		{202B6C8B-35C8-4563-8963-295AE24BD82D}.Debug|Any CPU.Build.0 = Debug|Any CPU
		{202B6C8B-35C8-4563-8963-295AE24BD82D}.Release|Any CPU.ActiveCfg = Release|Any CPU
		{202B6C8B-35C8-4563-8963-295AE24BD82D}.Release|Any CPU.Build.0 = Release|Any CPU
		{FCF1E5B5-2EAE-4C88-A9A5-3F11F53642D4}.Debug|Any CPU.ActiveCfg = Debug|Any CPU
		{FCF1E5B5-2EAE-4C88-A9A5-3F11F53642D4}.Debug|Any CPU.Build.0 = Debug|Any CPU
		{FCF1E5B5-2EAE-4C88-A9A5-3F11F53642D4}.Release|Any CPU.ActiveCfg = Release|Any CPU
		{FCF1E5B5-2EAE-4C88-A9A5-3F11F53642D4}.Release|Any CPU.Build.0 = Release|Any CPU
		{9900A772-C4FC-4599-9E8F-7CF11E1DE0A2}.Debug|Any CPU.ActiveCfg = Debug|Any CPU
		{9900A772-C4FC-4599-9E8F-7CF11E1DE0A2}.Debug|Any CPU.Build.0 = Debug|Any CPU
		{9900A772-C4FC-4599-9E8F-7CF11E1DE0A2}.Release|Any CPU.ActiveCfg = Release|Any CPU
		{9900A772-C4FC-4599-9E8F-7CF11E1DE0A2}.Release|Any CPU.Build.0 = Release|Any CPU
		{1699FD66-D025-40F7-8F54-9C83632CD25E}.Debug|Any CPU.ActiveCfg = Debug|Any CPU
		{1699FD66-D025-40F7-8F54-9C83632CD25E}.Debug|Any CPU.Build.0 = Debug|Any CPU
		{1699FD66-D025-40F7-8F54-9C83632CD25E}.Release|Any CPU.ActiveCfg = Release|Any CPU
		{1699FD66-D025-40F7-8F54-9C83632CD25E}.Release|Any CPU.Build.0 = Release|Any CPU
		{0AE25360-D216-4375-931B-2B82B9273654}.Debug|Any CPU.ActiveCfg = Debug|Any CPU
		{0AE25360-D216-4375-931B-2B82B9273654}.Debug|Any CPU.Build.0 = Debug|Any CPU
		{0AE25360-D216-4375-931B-2B82B9273654}.Release|Any CPU.ActiveCfg = Release|Any CPU
		{0AE25360-D216-4375-931B-2B82B9273654}.Release|Any CPU.Build.0 = Release|Any CPU
	EndGlobalSection
	GlobalSection(SolutionProperties) = preSolution
		HideSolutionNode = FALSE
	EndGlobalSection
EndGlobal
